<?xml version="1.0" encoding="utf-8"?>
<Project ToolsVersion="4.0" xmlns="http://schemas.microsoft.com/developer/msbuild/2003">
  <ItemGroup>
    <Filter Include="Headers">
      <UniqueIdentifier>{93995380-89BD-4b04-88EB-625FBE52EBFB}</UniqueIdentifier>
      <Extensions>h;hh;hpp;hxx;hm;inl;inc;xsd</Extensions>
    </Filter>
    <Filter Include="Sources">
      <UniqueIdentifier>{4FC737F1-C7A5-4376-A066-2A32D752A2FF}</UniqueIdentifier>
      <Extensions>cpp;c;cc;cxx;def;odl;idl;hpj;bat;asm;asmx</Extensions>
    </Filter>
  </ItemGroup>
  <ItemGroup>
    <ClInclude Include="stdafx.h">
      <Filter>Headers</Filter>
    </ClInclude>
    <ClInclude Include="DawnEngineObject.h">
      <Filter>Headers</Filter>
    </ClInclude>
    <ClInclude Include="DWindowManager.h">
      <Filter>Headers</Filter>
    </ClInclude>
    <ClInclude Include="DEngine.h">
      <Filter>Headers</Filter>
    </ClInclude>
    <ClInclude Include="DDebugManager.h">
      <Filter>Headers</Filter>
    </ClInclude>
    <ClInclude Include="DApp.h">
      <Filter>Headers</Filter>
    </ClInclude>
    <ClInclude Include="DWindow.h">
      <Filter>Headers</Filter>
    </ClInclude>
    <ClInclude Include="DFrameworkReference.h">
      <Filter>Headers</Filter>
    </ClInclude>
    <ClInclude Include="DGraphicsManager.h">
      <Filter>Headers</Filter>
    </ClInclude>
    <ClInclude Include="DCore.h">
      <Filter>Headers</Filter>
    </ClInclude>
    <ClInclude Include="DFramework.h">
      <Filter>Headers</Filter>
    </ClInclude>
    <ClInclude Include="DResourceManager.h">
      <Filter>Headers</Filter>
    </ClInclude>
    <ClInclude Include="DAppConfig.h">
      <Filter>Headers</Filter>
    </ClInclude>
    <ClInclude Include="DResource.h">
      <Filter>Headers</Filter>
    </ClInclude>
    <ClInclude Include="DGLProgram.h">
      <Filter>Headers</Filter>
    </ClInclude>
    <ClInclude Include="DGlshader.h">
      <Filter>Headers</Filter>
    </ClInclude>
    <ClInclude Include="DResourceLoader.h">
      <Filter>Headers</Filter>
    </ClInclude>
    <ClInclude Include="DTextFileResourceLoader.h">
      <Filter>Headers</Filter>
    </ClInclude>
    <ClInclude Include="DGLVertexShader.h">
      <Filter>Headers</Filter>
    </ClInclude>
    <ClInclude Include="DGLFragmentShader.h">
      <Filter>Headers</Filter>
    </ClInclude>
  </ItemGroup>
  <ItemGroup>
    <ClCompile Include="stdafx.cpp">
      <Filter>Sources</Filter>
    </ClCompile>
    <ClCompile Include="main.cpp">
      <Filter>Sources</Filter>
    </ClCompile>
    <ClCompile Include="DawnEngineObject.cpp">
      <Filter>Sources</Filter>
    </ClCompile>
    <ClCompile Include="DWindowManager.cpp">
      <Filter>Sources</Filter>
    </ClCompile>
    <ClCompile Include="DEngine.cpp">
      <Filter>Sources</Filter>
    </ClCompile>
    <ClCompile Include="DDebugManager.cpp">
      <Filter>Sources</Filter>
    </ClCompile>
    <ClCompile Include="DApp.cpp">
      <Filter>Sources</Filter>
    </ClCompile>
    <ClCompile Include="DWindow.cpp">
      <Filter>Sources</Filter>
    </ClCompile>
    <ClCompile Include="DFrameworkReference.cpp">
      <Filter>Sources</Filter>
    </ClCompile>
    <ClCompile Include="DGraphicsManager.cpp">
      <Filter>Sources</Filter>
    </ClCompile>
    <ClCompile Include="DResourceManager.cpp">
      <Filter>Sources</Filter>
    </ClCompile>
    <ClCompile Include="DAppConfig.cpp">
      <Filter>Sources</Filter>
    </ClCompile>
    <ClCompile Include="DResource.cpp">
      <Filter>Sources</Filter>
    </ClCompile>
    <ClCompile Include="DGLProgram.cpp">
      <Filter>Sources</Filter>
    </ClCompile>
    <ClCompile Include="DGlshader.cpp">
      <Filter>Sources</Filter>
    </ClCompile>
    <ClCompile Include="DResourceLoader.cpp">
      <Filter>Sources</Filter>
    </ClCompile>
    <ClCompile Include="DTextFileResourceLoader.cpp">
      <Filter>Sources</Filter>
    </ClCompile>
    <ClCompile Include="DGLVertexShader.cpp">
      <Filter>Sources</Filter>
    </ClCompile>
    <ClCompile Include="DGLFragmentShader.cpp">
      <Filter>Sources</Filter>
    </ClCompile>
  </ItemGroup>
</Project>